<?xml version="1.0" encoding="utf-8"?>
<Project ToolsVersion="17.0" xmlns="http://schemas.microsoft.com/developer/msbuild/2003">
  <ItemGroup>
    <ClCompile Include="E:\playground\webgpu-chapterwise\c7\glfw3webgpu\glfw3webgpu.c">
      <Filter>Source Files</Filter>
    </ClCompile>
  </ItemGroup>
  <ItemGroup>
    <CustomBuild Include="E:\playground\webgpu-chapterwise\c7\glfw3webgpu\CMakeLists.txt" />
  </ItemGroup>
  <ItemGroup>
    <Filter Include="Source Files">
      <UniqueIdentifier>{52E24B57-C627-306B-998E-F2F12AC2CA9B}</UniqueIdentifier>
    </Filter>
  </ItemGroup>
</Project>
