<?xml version="1.0" encoding="utf-8"?>
<Project ToolsVersion="17.0" xmlns="http://schemas.microsoft.com/developer/msbuild/2003">
  <ItemGroup>
    <CustomBuild Include="E:\playground\webgpu-chapterwise\glfw\CMakeFiles\50dbfe520d78f67048979c606bf1fadb\update_mappings.rule">
      <Filter>CMake Rules</Filter>
    </CustomBuild>
    <CustomBuild Include="E:\playground\webgpu-chapterwise\glfw\src\CMakeLists.txt" />
  </ItemGroup>
  <ItemGroup>
    <None Include="E:\playground\webgpu-chapterwise\glfw\src\mappings.h.in">
      <Filter>Header Files</Filter>
    </None>
    <None Include="E:\playground\webgpu-chapterwise\glfw\CMake\GenerateMappings.cmake" />
    <None Include="E:\playground\webgpu-chapterwise\glfw\src\CMakeFiles\update_mappings" />
  </ItemGroup>
  <ItemGroup>
    <Filter Include="CMake Rules">
      <UniqueIdentifier>{704454CA-B2B2-33EA-8D12-74DE461E405A}</UniqueIdentifier>
    </Filter>
    <Filter Include="Header Files">
      <UniqueIdentifier>{36D3BA59-2A41-3390-8B1B-58D7AE5B7713}</UniqueIdentifier>
    </Filter>
  </ItemGroup>
</Project>
