<?xml version="1.0" encoding="utf-8"?>
<Project ToolsVersion="17.0" xmlns="http://schemas.microsoft.com/developer/msbuild/2003">
  <ItemGroup>
    <CustomBuild Include="E:\playground\webgpu-chapterwise\c9\CMakeFiles\2a46beafa6c413ca275c85fd0e345c5a\update_mappings.rule">
      <Filter>CMake Rules</Filter>
    </CustomBuild>
    <CustomBuild Include="E:\playground\webgpu-chapterwise\c9\glfw\src\CMakeLists.txt" />
  </ItemGroup>
  <ItemGroup>
    <None Include="E:\playground\webgpu-chapterwise\c9\glfw\src\mappings.h.in">
      <Filter>Header Files</Filter>
    </None>
    <None Include="E:\playground\webgpu-chapterwise\c9\glfw\CMake\GenerateMappings.cmake" />
    <None Include="E:\playground\webgpu-chapterwise\c9\glfw\src\CMakeFiles\update_mappings" />
  </ItemGroup>
  <ItemGroup>
    <Filter Include="CMake Rules">
      <UniqueIdentifier>{302228BD-41B5-3B95-AFCC-DB248F9A93CC}</UniqueIdentifier>
    </Filter>
    <Filter Include="Header Files">
      <UniqueIdentifier>{FE213C25-2457-3E4F-9853-141424283EF9}</UniqueIdentifier>
    </Filter>
  </ItemGroup>
</Project>
