
Microsoft Visual Studio Solution File, Format Version 12.00
# Visual Studio Version 17
Project("{2150E333-8FDC-42A3-9474-1A3956D46DE8}") = "CMakePredefinedTargets", "CMakePredefinedTargets", "{2900AAAC-8A5A-358A-8102-E527E0C648F9}"
EndProject
Project("{2150E333-8FDC-42A3-9474-1A3956D46DE8}") = "GLFW3", "GLFW3", "{A4396769-F364-333E-A3E0-022DF8C337B6}"
EndProject
Project("{8BC9CEB8-8B4A-11D0-8D11-00A0C91BC942}") = "ALL_BUILD", "ALL_BUILD.vcxproj", "{EEFF0D85-C572-333B-AED2-D33469CF7370}"
	ProjectSection(ProjectDependencies) = postProject
		{BC144D28-054A-33F3-867C-BE5929421E48} = {BC144D28-054A-33F3-867C-BE5929421E48}
		{A61169E1-5102-3E31-B19E-69695315843F} = {A61169E1-5102-3E31-B19E-69695315843F}
	EndProjectSection
EndProject
Project("{8BC9CEB8-8B4A-11D0-8D11-00A0C91BC942}") = "ZERO_CHECK", "ZERO_CHECK.vcxproj", "{BC144D28-054A-33F3-867C-BE5929421E48}"
	ProjectSection(ProjectDependencies) = postProject
	EndProjectSection
EndProject
Project("{8BC9CEB8-8B4A-11D0-8D11-00A0C91BC942}") = "glfw", "src\glfw.vcxproj", "{A61169E1-5102-3E31-B19E-69695315843F}"
	ProjectSection(ProjectDependencies) = postProject
		{BC144D28-054A-33F3-867C-BE5929421E48} = {BC144D28-054A-33F3-867C-BE5929421E48}
	EndProjectSection
EndProject
Project("{8BC9CEB8-8B4A-11D0-8D11-00A0C91BC942}") = "update_mappings", "src\update_mappings.vcxproj", "{1448B6EF-390A-386B-A029-2F8A7340E63C}"
	ProjectSection(ProjectDependencies) = postProject
		{BC144D28-054A-33F3-867C-BE5929421E48} = {BC144D28-054A-33F3-867C-BE5929421E48}
	EndProjectSection
EndProject
Global
	GlobalSection(SolutionConfigurationPlatforms) = preSolution
		Debug|x64 = Debug|x64
		Release|x64 = Release|x64
		MinSizeRel|x64 = MinSizeRel|x64
		RelWithDebInfo|x64 = RelWithDebInfo|x64
	EndGlobalSection
	GlobalSection(ProjectConfigurationPlatforms) = postSolution
		{EEFF0D85-C572-333B-AED2-D33469CF7370}.Debug|x64.ActiveCfg = Debug|x64
		{EEFF0D85-C572-333B-AED2-D33469CF7370}.Release|x64.ActiveCfg = Release|x64
		{EEFF0D85-C572-333B-AED2-D33469CF7370}.MinSizeRel|x64.ActiveCfg = MinSizeRel|x64
		{EEFF0D85-C572-333B-AED2-D33469CF7370}.RelWithDebInfo|x64.ActiveCfg = RelWithDebInfo|x64
		{BC144D28-054A-33F3-867C-BE5929421E48}.Debug|x64.ActiveCfg = Debug|x64
		{BC144D28-054A-33F3-867C-BE5929421E48}.Debug|x64.Build.0 = Debug|x64
		{BC144D28-054A-33F3-867C-BE5929421E48}.Release|x64.ActiveCfg = Release|x64
		{BC144D28-054A-33F3-867C-BE5929421E48}.Release|x64.Build.0 = Release|x64
		{BC144D28-054A-33F3-867C-BE5929421E48}.MinSizeRel|x64.ActiveCfg = MinSizeRel|x64
		{BC144D28-054A-33F3-867C-BE5929421E48}.MinSizeRel|x64.Build.0 = MinSizeRel|x64
		{BC144D28-054A-33F3-867C-BE5929421E48}.RelWithDebInfo|x64.ActiveCfg = RelWithDebInfo|x64
		{BC144D28-054A-33F3-867C-BE5929421E48}.RelWithDebInfo|x64.Build.0 = RelWithDebInfo|x64
		{A61169E1-5102-3E31-B19E-69695315843F}.Debug|x64.ActiveCfg = Debug|x64
		{A61169E1-5102-3E31-B19E-69695315843F}.Debug|x64.Build.0 = Debug|x64
		{A61169E1-5102-3E31-B19E-69695315843F}.Release|x64.ActiveCfg = Release|x64
		{A61169E1-5102-3E31-B19E-69695315843F}.Release|x64.Build.0 = Release|x64
		{A61169E1-5102-3E31-B19E-69695315843F}.MinSizeRel|x64.ActiveCfg = MinSizeRel|x64
		{A61169E1-5102-3E31-B19E-69695315843F}.MinSizeRel|x64.Build.0 = MinSizeRel|x64
		{A61169E1-5102-3E31-B19E-69695315843F}.RelWithDebInfo|x64.ActiveCfg = RelWithDebInfo|x64
		{A61169E1-5102-3E31-B19E-69695315843F}.RelWithDebInfo|x64.Build.0 = RelWithDebInfo|x64
		{1448B6EF-390A-386B-A029-2F8A7340E63C}.Debug|x64.ActiveCfg = Debug|x64
		{1448B6EF-390A-386B-A029-2F8A7340E63C}.Release|x64.ActiveCfg = Release|x64
		{1448B6EF-390A-386B-A029-2F8A7340E63C}.MinSizeRel|x64.ActiveCfg = MinSizeRel|x64
		{1448B6EF-390A-386B-A029-2F8A7340E63C}.RelWithDebInfo|x64.ActiveCfg = RelWithDebInfo|x64
	EndGlobalSection
	GlobalSection(NestedProjects) = preSolution
		{EEFF0D85-C572-333B-AED2-D33469CF7370} = {2900AAAC-8A5A-358A-8102-E527E0C648F9}
		{BC144D28-054A-33F3-867C-BE5929421E48} = {2900AAAC-8A5A-358A-8102-E527E0C648F9}
		{A61169E1-5102-3E31-B19E-69695315843F} = {A4396769-F364-333E-A3E0-022DF8C337B6}
		{1448B6EF-390A-386B-A029-2F8A7340E63C} = {A4396769-F364-333E-A3E0-022DF8C337B6}
	EndGlobalSection
	GlobalSection(ExtensibilityGlobals) = postSolution
		SolutionGuid = {AE7A13B5-5219-3607-BB09-4C9CF41ACDBD}
	EndGlobalSection
	GlobalSection(ExtensibilityAddIns) = postSolution
	EndGlobalSection
EndGlobal
